
Microsoft Visual Studio Solution File, Format Version 12.00
# Visual Studio Version 17
VisualStudioVersion = 17.8.34525.116
MinimumVisualStudioVersion = 10.0.40219.1
Project("{FAE04EC0-301F-11D3-BF4B-00C04F79EFBC}") = "Class_in_c##", "Class_in_c##\Class_in_c##.csproj", "{9FEF4B1F-4B17-4AFA-B6EF-C70349604305}"
EndProject
Global
	GlobalSection(SolutionConfigurationPlatforms) = preSolution
		Debug|Any CPU = Debug|Any CPU
		Release|Any CPU = Release|Any CPU
	EndGlobalSection
	GlobalSection(ProjectConfigurationPlatforms) = postSolution
		{9FEF4B1F-4B17-4AFA-B6EF-C70349604305}.Debug|Any CPU.ActiveCfg = Debug|Any CPU
		{9FEF4B1F-4B17-4AFA-B6EF-C70349604305}.Debug|Any CPU.Build.0 = Debug|Any CPU
		{9FEF4B1F-4B17-4AFA-B6EF-C70349604305}.Release|Any CPU.ActiveCfg = Release|Any CPU
		{9FEF4B1F-4B17-4AFA-B6EF-C70349604305}.Release|Any CPU.Build.0 = Release|Any CPU
	EndGlobalSection
	GlobalSection(SolutionProperties) = preSolution
		HideSolutionNode = FALSE
	EndGlobalSection
	GlobalSection(ExtensibilityGlobals) = postSolution
		SolutionGuid = {52D60B03-2E28-414C-8873-9FC8EF76D94D}
	EndGlobalSection
EndGlobal
